
Microsoft Visual Studio Solution File, Format Version 11.00
# Visual Studio 2010
Project("{FAE04EC0-301F-11D3-BF4B-00C04F79EFBC}") = "EbusFileDownloadService", "EbusFileDownloadService1\EbusFileDownloadService.csproj", "{F947879C-74B0-48D3-8999-C24BF85F44A4}"
EndProject
Project("{54435603-DBB4-11D2-8724-00A0C9A8B90C}") = "EBusFileDownloaderSetUP", "EBusFileDownloaderSetUP\EBusFileDownloaderSetUP.vdproj", "{96D268F1-0BD7-4C14-8BAD-F77040A0DE53}"
EndProject
Global
	GlobalSection(SolutionConfigurationPlatforms) = preSolution
		Debug|x86 = Debug|x86
		Release|x86 = Release|x86
	EndGlobalSection
	GlobalSection(ProjectConfigurationPlatforms) = postSolution
		{F947879C-74B0-48D3-8999-C24BF85F44A4}.Debug|x86.ActiveCfg = Debug|x86
		{F947879C-74B0-48D3-8999-C24BF85F44A4}.Debug|x86.Build.0 = Debug|x86
		{F947879C-74B0-48D3-8999-C24BF85F44A4}.Release|x86.ActiveCfg = Release|x86
		{F947879C-74B0-48D3-8999-C24BF85F44A4}.Release|x86.Build.0 = Release|x86
		{96D268F1-0BD7-4C14-8BAD-F77040A0DE53}.Debug|x86.ActiveCfg = Debug
		{96D268F1-0BD7-4C14-8BAD-F77040A0DE53}.Release|x86.ActiveCfg = Release
	EndGlobalSection
	GlobalSection(SolutionProperties) = preSolution
		HideSolutionNode = FALSE
	EndGlobalSection
EndGlobal
